
Microsoft Visual Studio Solution File, Format Version 12.00
# Visual Studio Version 16
VisualStudioVersion = 16.0.32428.217
MinimumVisualStudioVersion = 10.0.40219.1
Project("{FAE04EC0-301F-11D3-BF4B-00C04F79EFBC}") = "TournamentTracker", "TournamentTracker.csproj", "{0FF33273-00BB-44A7-873B-8E7D58745303}"
EndProject
Global
	GlobalSection(SolutionConfigurationPlatforms) = preSolution
		Debug|Any CPU = Debug|Any CPU
		Release|Any CPU = Release|Any CPU
	EndGlobalSection
	GlobalSection(ProjectConfigurationPlatforms) = postSolution
		{0FF33273-00BB-44A7-873B-8E7D58745303}.Debug|Any CPU.ActiveCfg = Debug|Any CPU
		{0FF33273-00BB-44A7-873B-8E7D58745303}.Debug|Any CPU.Build.0 = Debug|Any CPU
		{0FF33273-00BB-44A7-873B-8E7D58745303}.Release|Any CPU.ActiveCfg = Release|Any CPU
		{0FF33273-00BB-44A7-873B-8E7D58745303}.Release|Any CPU.Build.0 = Release|Any CPU
	EndGlobalSection
	GlobalSection(SolutionProperties) = preSolution
		HideSolutionNode = FALSE
	EndGlobalSection
	GlobalSection(ExtensibilityGlobals) = postSolution
		SolutionGuid = {ACEF9814-C696-4976-B6C6-91B80A2F7EA7}
	EndGlobalSection
EndGlobal
